# DO NOT EDIT MANUALLY - Managed by Fern Replay
version: "1.0"
generations:
  - commit_sha: 100865eddfe14013e763d6d460401d92688bd6ac
    tree_hash: 2ddaae70f8627c9e9bb0b0f834d708b58d254266
    timestamp: 2026-08-24T06:58:24.492Z
    cli_version: unknown
    generator_versions: {}
  - commit_sha: d7a5d4bb0068501c3ca71749aae450a58d877d97
    tree_hash: efdf11aa0f97bc3451235cc587c01fca5c129c8d
    timestamp: 2026-08-24T06:58:24.718Z
    cli_version: unknown
    generator_versions:
      fernapi/fern-typescript-sdk: 3.88.1
  - commit_sha: 587880ae2217a993baad1decad68a053fd6cf1c8
    tree_hash: 9ad8cb23d577b35f900a1f0cc74d067dd45067da
    timestamp: 2026-08-26T14:13:41.637Z
    cli_version: unknown
    generator_versions:
      fernapi/fern-typescript-sdk: 3.88.1
  - commit_sha: 3e1e93a9816a0e7254d90e7e00a4626caf27aee9
    tree_hash: 43a4205fb492d81fb20075212c543ff379f6e72a
    timestamp: 2026-08-27T03:40:05.862Z
    cli_version: unknown
    generator_versions:
      fernapi/fern-typescript-sdk: 3.88.1
current_generation: 3e1e93a9816a0e7254d90e7e00a4626caf27aee9
patches: []
