# DO NOT EDIT MANUALLY - Managed by Fern Replay
version: "1.0"
generations:
  - commit_sha: 100865eddfe14013e763d6d460401d92688bd6ac
    tree_hash: 2ddaae70f8627c9e9bb0b0f834d708b58d254266
    timestamp: 2026-08-24T06:58:24.492Z
    cli_version: unknown
    generator_versions: {}
current_generation: 100865eddfe14013e763d6d460401d92688bd6ac
patches: []
